
Microsoft Visual Studio Solution File, Format Version 12.00
# Visual Studio Version 17
VisualStudioVersion = 17.5.33424.131
MinimumVisualStudioVersion = 10.0.40219.1
Project("{2150E333-8FDC-42A3-9474-1A3956D46DE8}") = "Services", "Services", "{5981F04C-4516-4FC9-BFB5-CFCED80D5797}"
EndProject
Project("{2150E333-8FDC-42A3-9474-1A3956D46DE8}") = "Catalog", "Catalog", "{914B7F03-9AC1-4375-9DA4-B76DC917F707}"
EndProject
Project("{9A19103F-16F7-4668-BE54-9A1E7A4F7556}") = "Catalog.API", "Services\Catalog\Catalog.API\Catalog.API.csproj", "{C3B652A1-D667-4095-837A-9BEB2E1D2CC4}"
EndProject
Global
	GlobalSection(SolutionConfigurationPlatforms) = preSolution
		Debug|Any CPU = Debug|Any CPU
		Release|Any CPU = Release|Any CPU
	EndGlobalSection
	GlobalSection(ProjectConfigurationPlatforms) = postSolution
		{C3B652A1-D667-4095-837A-9BEB2E1D2CC4}.Debug|Any CPU.ActiveCfg = Debug|Any CPU
		{C3B652A1-D667-4095-837A-9BEB2E1D2CC4}.Debug|Any CPU.Build.0 = Debug|Any CPU
		{C3B652A1-D667-4095-837A-9BEB2E1D2CC4}.Release|Any CPU.ActiveCfg = Release|Any CPU
		{C3B652A1-D667-4095-837A-9BEB2E1D2CC4}.Release|Any CPU.Build.0 = Release|Any CPU
	EndGlobalSection
	GlobalSection(SolutionProperties) = preSolution
		HideSolutionNode = FALSE
	EndGlobalSection
	GlobalSection(NestedProjects) = preSolution
		{914B7F03-9AC1-4375-9DA4-B76DC917F707} = {5981F04C-4516-4FC9-BFB5-CFCED80D5797}
		{C3B652A1-D667-4095-837A-9BEB2E1D2CC4} = {914B7F03-9AC1-4375-9DA4-B76DC917F707}
	EndGlobalSection
	GlobalSection(ExtensibilityGlobals) = postSolution
		SolutionGuid = {AAB63118-F611-4DA2-AC40-25CDBE07AE4B}
	EndGlobalSection
EndGlobal
